{
    "_meta": {
        "hash": {
            "sha256": "de9facc3fe3bf8682b1bfbc56d64ee550145379bd170ad66ecbeefac2bac3e86"
        },
        "host-environment-markers": {
            "implementation_name": "cpython",
            "implementation_version": "3.6.3",
            "os_name": "posix",
            "platform_machine": "x86_64",
            "platform_python_implementation": "CPython",
            "platform_release": "4.13.0-37-generic",
            "platform_system": "Linux",
            "platform_version": "#42-Ubuntu SMP Wed Mar 7 14:13:23 UTC 2018",
            "python_full_version": "3.6.3",
            "python_version": "3.6",
            "sys_platform": "linux"
        },
        "pipfile-spec": 6,
        "requires": {
            "python_version": "3.6"
        },
        "sources": [
            {
                "name": "pypi",
                "url": "https://pypi.python.org/simple",
                "verify_ssl": true
            }
        ]
    },
    "default": {
        "altgraph": {
            "hashes": [
                "sha256:49dc134049903cc73fb76ca3cc9bef5b2b8c01c28732dd29594f99af2b449fc5",
                "sha256:fc28b986a68fde8d3ff0e6d6ba3fbdd2cd562d11d45ef7c7735fbd826c9eec2e"
            ],
            "version": "==0.15"
        },
        "future": {
            "hashes": [
                "sha256:e39ced1ab767b5936646cedba8bcce582398233d6a627067d4c6a454c90cfedb"
            ],
            "version": "==0.16.0"
        },
        "macholib": {
            "hashes": [
                "sha256:7f76a7ef4f58f85889dec25fb532bad5acfd461c444738dfeb2e7bf855d5906b",
                "sha256:9aeec52d7da59912b15445d08b08d95cee48414f01dd035be06f04a825973c08"
            ],
            "version": "==1.9"
        },
        "mutagen": {
            "hashes": [
                "sha256:b2a2c2ce87863af12ed7896f341419cd051a3c72c3c6733db9e83060dcadee5e"
            ],
            "version": "==1.40.0"
        },
        "pefile": {
            "hashes": [
                "sha256:675c35ee0e1677db9e80d2f48d8a7ff2cf38e6207e8cd5e2a2c6d126db025854"
            ],
            "version": "==2017.11.5"
        },
        "pyinstaller": {
            "hashes": [
                "sha256:715f81f24b1ef0e5fe3b3c71e7540551838e46e9de30882aa7c0a521147fd1ce"
            ],
            "version": "==3.3.1"
        }
    },
    "develop": {}
}
